
Microsoft Visual Studio Solution File, Format Version 12.00
# Visual Studio Version 16
VisualStudioVersion = 16.0.30225.117
MinimumVisualStudioVersion = 10.0.40219.1
Project("{FAE04EC0-301F-11D3-BF4B-00C04F79EFBC}") = "FluentResults", "FluentResults\FluentResults.csproj", "{24CB2175-603D-495E-92EA-BCD2CA152AB7}"
EndProject
Project("{FAE04EC0-301F-11D3-BF4B-00C04F79EFBC}") = "FluentResultsMediatr", "SampleProject\FluentResultsMediatr.csproj", "{7B360F85-0E8A-4FFF-9A9C-A4A2CB81BFF9}"
EndProject
Global
	GlobalSection(SolutionConfigurationPlatforms) = preSolution
		Debug|Any CPU = Debug|Any CPU
		Release|Any CPU = Release|Any CPU
	EndGlobalSection
	GlobalSection(ProjectConfigurationPlatforms) = postSolution
		{24CB2175-603D-495E-92EA-BCD2CA152AB7}.Debug|Any CPU.ActiveCfg = Debug|Any CPU
		{24CB2175-603D-495E-92EA-BCD2CA152AB7}.Debug|Any CPU.Build.0 = Debug|Any CPU
		{24CB2175-603D-495E-92EA-BCD2CA152AB7}.Release|Any CPU.ActiveCfg = Release|Any CPU
		{24CB2175-603D-495E-92EA-BCD2CA152AB7}.Release|Any CPU.Build.0 = Release|Any CPU
		{7B360F85-0E8A-4FFF-9A9C-A4A2CB81BFF9}.Debug|Any CPU.ActiveCfg = Debug|Any CPU
		{7B360F85-0E8A-4FFF-9A9C-A4A2CB81BFF9}.Debug|Any CPU.Build.0 = Debug|Any CPU
		{7B360F85-0E8A-4FFF-9A9C-A4A2CB81BFF9}.Release|Any CPU.ActiveCfg = Release|Any CPU
		{7B360F85-0E8A-4FFF-9A9C-A4A2CB81BFF9}.Release|Any CPU.Build.0 = Release|Any CPU
	EndGlobalSection
	GlobalSection(SolutionProperties) = preSolution
		HideSolutionNode = FALSE
	EndGlobalSection
	GlobalSection(ExtensibilityGlobals) = postSolution
		SolutionGuid = {E97C79CD-79E6-418C-B16E-6160F159C4F6}
	EndGlobalSection
EndGlobal
